// !$*UTF8*$!
{
	archiveVersion = 1;
	classes = {
	};
	objectVersion = 52;
	objects = {

/* Begin PBXBuildFile section */
		4374E9DB8C4D7ECAFB9E4301 /* Pods_PlantQuiz.framework in Frameworks */ = {isa = PBXBuildFile; fileRef = 3873EA5EEB2222196C989BE1 /* Pods_PlantQuiz.framework */; };
		6500F81425E2B15C00188825 /* Pacifico-Regular.ttf in Resources */ = {isa = PBXBuildFile; fileRef = 6500F81325E2B15C00188825 /* Pacifico-Regular.ttf */; };
		6500F81725E2B20E00188825 /* Righteous-Regular.ttf in Resources */ = {isa = PBXBuildFile; fileRef = 6500F81625E2B20E00188825 /* Righteous-Regular.ttf */; };
		650A69AA25D57413003A7604 /* Main.storyboard in Resources */ = {isa = PBXBuildFile; fileRef = 650A69A925D57413003A7604 /* Main.storyboard */; };
		650A69B225D57E49003A7604 /* README.md in Resources */ = {isa = PBXBuildFile; fileRef = 650A69B125D57E49003A7604 /* README.md */; };
		650A69BA25D5A727003A7604 /* ResultVC.swift in Sources */ = {isa = PBXBuildFile; fileRef = 650A69B925D5A727003A7604 /* ResultVC.swift */; };
		650A69C425D66509003A7604 /* Questions.swift in Sources */ = {isa = PBXBuildFile; fileRef = 650A69C325D66509003A7604 /* Questions.swift */; };
		65466A8D25E10D7300E1F388 /* IQKeyboardManagerSwift in Frameworks */ = {isa = PBXBuildFile; productRef = 65466A8C25E10D7300E1F388 /* IQKeyboardManagerSwift */; };
		6555387C25D44CB700A62FDC /* AppDelegate.swift in Sources */ = {isa = PBXBuildFile; fileRef = 6555387B25D44CB700A62FDC /* AppDelegate.swift */; };
		6555387E25D44CB700A62FDC /* SceneDelegate.swift in Sources */ = {isa = PBXBuildFile; fileRef = 6555387D25D44CB700A62FDC /* SceneDelegate.swift */; };
		6555388025D44CB700A62FDC /* QuizVC.swift in Sources */ = {isa = PBXBuildFile; fileRef = 6555387F25D44CB700A62FDC /* QuizVC.swift */; };
		6555388525D44CB800A62FDC /* Assets.xcassets in Resources */ = {isa = PBXBuildFile; fileRef = 6555388425D44CB800A62FDC /* Assets.xcassets */; };
		6555388825D44CB800A62FDC /* LaunchScreen.storyboard in Resources */ = {isa = PBXBuildFile; fileRef = 6555388625D44CB800A62FDC /* LaunchScreen.storyboard */; };
		659C4A8325D45B2F006ED2CC /* Question.swift in Sources */ = {isa = PBXBuildFile; fileRef = 659C4A8225D45B2F006ED2CC /* Question.swift */; };
		659C4A8B25D46EA8006ED2CC /* QuizBrain.swift in Sources */ = {isa = PBXBuildFile; fileRef = 659C4A8A25D46EA8006ED2CC /* QuizBrain.swift */; };
		659C7D9925EE467800A41214 /* DataModel.xcdatamodeld in Sources */ = {isa = PBXBuildFile; fileRef = 659C7D9725EE467800A41214 /* DataModel.xcdatamodeld */; };
		659C7D9C25EFE18B00A41214 /* PopAnimator.swift in Sources */ = {isa = PBXBuildFile; fileRef = 659C7D9B25EFE18B00A41214 /* PopAnimator.swift */; };
		65EFD9C025DF91E0004A809E /* WelcomeVC.swift in Sources */ = {isa = PBXBuildFile; fileRef = 65EFD9BF25DF91E0004A809E /* WelcomeVC.swift */; };
		65EFD9C325DF9558004A809E /* LoginVC.swift in Sources */ = {isa = PBXBuildFile; fileRef = 65EFD9C225DF9558004A809E /* LoginVC.swift */; };
		65EFD9C625DF957A004A809E /* RegisterVC.swift in Sources */ = {isa = PBXBuildFile; fileRef = 65EFD9C525DF957A004A809E /* RegisterVC.swift */; };
		65EFD9CD25DFACB3004A809E /* GoogleService-Info.plist in Resources */ = {isa = PBXBuildFile; fileRef = 65EFD9CC25DFACB3004A809E /* GoogleService-Info.plist */; };
		65EFD9E425DFD8E0004A809E /* Constants.swift in Sources */ = {isa = PBXBuildFile; fileRef = 65EFD9E325DFD8E0004A809E /* Constants.swift */; };
		65EFD9FD25DFFE54004A809E /* RecordCell.swift in Sources */ = {isa = PBXBuildFile; fileRef = 65EFD9FB25DFFE54004A809E /* RecordCell.swift */; };
		65EFD9FE25DFFE54004A809E /* RecordCell.xib in Resources */ = {isa = PBXBuildFile; fileRef = 65EFD9FC25DFFE54004A809E /* RecordCell.xib */; };
/* End PBXBuildFile section */

/* Begin PBXFileReference section */
		3873EA5EEB2222196C989BE1 /* Pods_PlantQuiz.framework */ = {isa = PBXFileReference; explicitFileType = wrapper.framework; includeInIndex = 0; path = Pods_PlantQuiz.framework; sourceTree = BUILT_PRODUCTS_DIR; };
		6500F81325E2B15C00188825 /* Pacifico-Regular.ttf */ = {isa = PBXFileReference; lastKnownFileType = file; path = "Pacifico-Regular.ttf"; sourceTree = "<group>"; };
		6500F81625E2B20E00188825 /* Righteous-Regular.ttf */ = {isa = PBXFileReference; lastKnownFileType = file; path = "Righteous-Regular.ttf"; sourceTree = "<group>"; };
		650A69A925D57413003A7604 /* Main.storyboard */ = {isa = PBXFileReference; lastKnownFileType = file.storyboard; path = Main.storyboard; sourceTree = "<group>"; };
		650A69B125D57E49003A7604 /* README.md */ = {isa = PBXFileReference; fileEncoding = 4; lastKnownFileType = net.daringfireball.markdown; path = README.md; sourceTree = "<group>"; };
		650A69B925D5A727003A7604 /* ResultVC.swift */ = {isa = PBXFileReference; lastKnownFileType = sourcecode.swift; path = ResultVC.swift; sourceTree = "<group>"; };
		650A69C325D66509003A7604 /* Questions.swift */ = {isa = PBXFileReference; lastKnownFileType = sourcecode.swift; path = Questions.swift; sourceTree = "<group>"; };
		6555387825D44CB700A62FDC /* PlantQuiz.app */ = {isa = PBXFileReference; explicitFileType = wrapper.application; includeInIndex = 0; path = PlantQuiz.app; sourceTree = BUILT_PRODUCTS_DIR; };
		6555387B25D44CB700A62FDC /* AppDelegate.swift */ = {isa = PBXFileReference; lastKnownFileType = sourcecode.swift; path = AppDelegate.swift; sourceTree = "<group>"; };
		6555387D25D44CB700A62FDC /* SceneDelegate.swift */ = {isa = PBXFileReference; lastKnownFileType = sourcecode.swift; path = SceneDelegate.swift; sourceTree = "<group>"; };
		6555387F25D44CB700A62FDC /* QuizVC.swift */ = {isa = PBXFileReference; lastKnownFileType = sourcecode.swift; path = QuizVC.swift; sourceTree = "<group>"; };
		6555388425D44CB800A62FDC /* Assets.xcassets */ = {isa = PBXFileReference; lastKnownFileType = folder.assetcatalog; path = Assets.xcassets; sourceTree = "<group>"; };
		6555388725D44CB800A62FDC /* Base */ = {isa = PBXFileReference; lastKnownFileType = file.storyboard; name = Base; path = Base.lproj/LaunchScreen.storyboard; sourceTree = "<group>"; };
		6555388925D44CB800A62FDC /* Info.plist */ = {isa = PBXFileReference; lastKnownFileType = text.plist.xml; path = Info.plist; sourceTree = "<group>"; };
		659C4A8225D45B2F006ED2CC /* Question.swift */ = {isa = PBXFileReference; lastKnownFileType = sourcecode.swift; path = Question.swift; sourceTree = "<group>"; };
		659C4A8A25D46EA8006ED2CC /* QuizBrain.swift */ = {isa = PBXFileReference; lastKnownFileType = sourcecode.swift; path = QuizBrain.swift; sourceTree = "<group>"; };
		659C7D9825EE467800A41214 /* DataModel.xcdatamodel */ = {isa = PBXFileReference; lastKnownFileType = wrapper.xcdatamodel; path = DataModel.xcdatamodel; sourceTree = "<group>"; };
		659C7D9B25EFE18B00A41214 /* PopAnimator.swift */ = {isa = PBXFileReference; lastKnownFileType = sourcecode.swift; path = PopAnimator.swift; sourceTree = "<group>"; };
		65EFD9BF25DF91E0004A809E /* WelcomeVC.swift */ = {isa = PBXFileReference; lastKnownFileType = sourcecode.swift; path = WelcomeVC.swift; sourceTree = "<group>"; };
		65EFD9C225DF9558004A809E /* LoginVC.swift */ = {isa = PBXFileReference; lastKnownFileType = sourcecode.swift; path = LoginVC.swift; sourceTree = "<group>"; };
		65EFD9C525DF957A004A809E /* RegisterVC.swift */ = {isa = PBXFileReference; lastKnownFileType = sourcecode.swift; path = RegisterVC.swift; sourceTree = "<group>"; };
		65EFD9CC25DFACB3004A809E /* GoogleService-Info.plist */ = {isa = PBXFileReference; fileEncoding = 4; lastKnownFileType = text.plist.xml; path = "GoogleService-Info.plist"; sourceTree = "<group>"; };
		65EFD9E325DFD8E0004A809E /* Constants.swift */ = {isa = PBXFileReference; lastKnownFileType = sourcecode.swift; path = Constants.swift; sourceTree = "<group>"; };
		65EFD9FB25DFFE54004A809E /* RecordCell.swift */ = {isa = PBXFileReference; lastKnownFileType = sourcecode.swift; path = RecordCell.swift; sourceTree = "<group>"; };
		65EFD9FC25DFFE54004A809E /* RecordCell.xib */ = {isa = PBXFileReference; lastKnownFileType = file.xib; path = RecordCell.xib; sourceTree = "<group>"; };
		916808F4C5EEF0E57EA33CDC /* Pods-PlantQuiz.release.xcconfig */ = {isa = PBXFileReference; includeInIndex = 1; lastKnownFileType = text.xcconfig; name = "Pods-PlantQuiz.release.xcconfig"; path = "Target Support Files/Pods-PlantQuiz/Pods-PlantQuiz.release.xcconfig"; sourceTree = "<group>"; };
		C6C14CF503169D66E4602D14 /* Pods-PlantQuiz.debug.xcconfig */ = {isa = PBXFileReference; includeInIndex = 1; lastKnownFileType = text.xcconfig; name = "Pods-PlantQuiz.debug.xcconfig"; path = "Target Support Files/Pods-PlantQuiz/Pods-PlantQuiz.debug.xcconfig"; sourceTree = "<group>"; };
/* End PBXFileReference section */

/* Begin PBXFrameworksBuildPhase section */
		6555387525D44CB700A62FDC /* Frameworks */ = {
			isa = PBXFrameworksBuildPhase;
			buildActionMask = 2147483647;
			files = (
				4374E9DB8C4D7ECAFB9E4301 /* Pods_PlantQuiz.framework in Frameworks */,
				65466A8D25E10D7300E1F388 /* IQKeyboardManagerSwift in Frameworks */,
			);
			runOnlyForDeploymentPostprocessing = 0;
		};
/* End PBXFrameworksBuildPhase section */

/* Begin PBXGroup section */
		6500F80F25E2AE4C00188825 /* Fonts */ = {
			isa = PBXGroup;
			children = (
				6500F81325E2B15C00188825 /* Pacifico-Regular.ttf */,
				6500F81625E2B20E00188825 /* Righteous-Regular.ttf */,
			);
			path = Fonts;
			sourceTree = "<group>";
		};
		6555386F25D44CB700A62FDC = {
			isa = PBXGroup;
			children = (
				650A69B125D57E49003A7604 /* README.md */,
				6555387A25D44CB700A62FDC /* PlantQuiz */,
				6555387925D44CB700A62FDC /* Products */,
				CAE6FBD4BCD241B224D0F8B5 /* Pods */,
				BA128E24B192F3D233E01D46 /* Frameworks */,
			);
			sourceTree = "<group>";
		};
		6555387925D44CB700A62FDC /* Products */ = {
			isa = PBXGroup;
			children = (
				6555387825D44CB700A62FDC /* PlantQuiz.app */,
			);
			name = Products;
			sourceTree = "<group>";
		};
		6555387A25D44CB700A62FDC /* PlantQuiz */ = {
			isa = PBXGroup;
			children = (
				6500F80F25E2AE4C00188825 /* Fonts */,
				659C4A8E25D47A2A006ED2CC /* App */,
				659C4A8825D469B2006ED2CC /* Models */,
				659C4A8625D4699A006ED2CC /* View */,
				659C4A8725D4699E006ED2CC /* Controllers */,
				6555388425D44CB800A62FDC /* Assets.xcassets */,
				6555388925D44CB800A62FDC /* Info.plist */,
				65EFD9CC25DFACB3004A809E /* GoogleService-Info.plist */,
			);
			path = PlantQuiz;
			sourceTree = "<group>";
		};
		659C4A8625D4699A006ED2CC /* View */ = {
			isa = PBXGroup;
			children = (
				6555388625D44CB800A62FDC /* LaunchScreen.storyboard */,
				650A69A925D57413003A7604 /* Main.storyboard */,
				65EFD9FB25DFFE54004A809E /* RecordCell.swift */,
				65EFD9FC25DFFE54004A809E /* RecordCell.xib */,
			);
			path = View;
			sourceTree = "<group>";
		};
		659C4A8725D4699E006ED2CC /* Controllers */ = {
			isa = PBXGroup;
			children = (
				659C7D9B25EFE18B00A41214 /* PopAnimator.swift */,
				65EFD9BF25DF91E0004A809E /* WelcomeVC.swift */,
				65EFD9C525DF957A004A809E /* RegisterVC.swift */,
				65EFD9C225DF9558004A809E /* LoginVC.swift */,
				6555387F25D44CB700A62FDC /* QuizVC.swift */,
				650A69B925D5A727003A7604 /* ResultVC.swift */,
			);
			path = Controllers;
			sourceTree = "<group>";
		};
		659C4A8825D469B2006ED2CC /* Models */ = {
			isa = PBXGroup;
			children = (
				659C4A8225D45B2F006ED2CC /* Question.swift */,
				650A69C325D66509003A7604 /* Questions.swift */,
				659C4A8A25D46EA8006ED2CC /* QuizBrain.swift */,
				659C7D9725EE467800A41214 /* DataModel.xcdatamodeld */,
			);
			path = Models;
			sourceTree = "<group>";
		};
		659C4A8E25D47A2A006ED2CC /* App */ = {
			isa = PBXGroup;
			children = (
				6555387B25D44CB700A62FDC /* AppDelegate.swift */,
				6555387D25D44CB700A62FDC /* SceneDelegate.swift */,
				65EFD9E325DFD8E0004A809E /* Constants.swift */,
			);
			path = App;
			sourceTree = "<group>";
		};
		BA128E24B192F3D233E01D46 /* Frameworks */ = {
			isa = PBXGroup;
			children = (
				3873EA5EEB2222196C989BE1 /* Pods_PlantQuiz.framework */,
			);
			name = Frameworks;
			sourceTree = "<group>";
		};
		CAE6FBD4BCD241B224D0F8B5 /* Pods */ = {
			isa = PBXGroup;
			children = (
				C6C14CF503169D66E4602D14 /* Pods-PlantQuiz.debug.xcconfig */,
				916808F4C5EEF0E57EA33CDC /* Pods-PlantQuiz.release.xcconfig */,
			);
			path = Pods;
			sourceTree = "<group>";
		};
/* End PBXGroup section */

/* Begin PBXNativeTarget section */
		6555387725D44CB700A62FDC /* PlantQuiz */ = {
			isa = PBXNativeTarget;
			buildConfigurationList = 6555388C25D44CB800A62FDC /* Build configuration list for PBXNativeTarget "PlantQuiz" */;
			buildPhases = (
				8558C65A3B91955C910F3267 /* [CP] Check Pods Manifest.lock */,
				6555387425D44CB700A62FDC /* Sources */,
				6555387525D44CB700A62FDC /* Frameworks */,
				6555387625D44CB700A62FDC /* Resources */,
				0EFE1E402A78BE1D2843B224 /* [CP] Embed Pods Frameworks */,
			);
			buildRules = (
			);
			dependencies = (
			);
			name = PlantQuiz;
			packageProductDependencies = (
				65466A8C25E10D7300E1F388 /* IQKeyboardManagerSwift */,
			);
			productName = PlantQuiz;
			productReference = 6555387825D44CB700A62FDC /* PlantQuiz.app */;
			productType = "com.apple.product-type.application";
		};
/* End PBXNativeTarget section */

/* Begin PBXProject section */
		6555387025D44CB700A62FDC /* Project object */ = {
			isa = PBXProject;
			attributes = {
				LastSwiftUpdateCheck = 1220;
				LastUpgradeCheck = 1220;
				TargetAttributes = {
					6555387725D44CB700A62FDC = {
						CreatedOnToolsVersion = 12.2;
					};
				};
			};
			buildConfigurationList = 6555387325D44CB700A62FDC /* Build configuration list for PBXProject "PlantQuiz" */;
			compatibilityVersion = "Xcode 9.3";
			developmentRegion = en;
			hasScannedForEncodings = 0;
			knownRegions = (
				en,
				Base,
			);
			mainGroup = 6555386F25D44CB700A62FDC;
			packageReferences = (
				65466A8B25E10D7300E1F388 /* XCRemoteSwiftPackageReference "IQKeyboardManager" */,
			);
			productRefGroup = 6555387925D44CB700A62FDC /* Products */;
			projectDirPath = "";
			projectRoot = "";
			targets = (
				6555387725D44CB700A62FDC /* PlantQuiz */,
			);
		};
/* End PBXProject section */

/* Begin PBXResourcesBuildPhase section */
		6555387625D44CB700A62FDC /* Resources */ = {
			isa = PBXResourcesBuildPhase;
			buildActionMask = 2147483647;
			files = (
				65EFD9FE25DFFE54004A809E /* RecordCell.xib in Resources */,
				6555388825D44CB800A62FDC /* LaunchScreen.storyboard in Resources */,
				650A69AA25D57413003A7604 /* Main.storyboard in Resources */,
				6500F81725E2B20E00188825 /* Righteous-Regular.ttf in Resources */,
				65EFD9CD25DFACB3004A809E /* GoogleService-Info.plist in Resources */,
				6500F81425E2B15C00188825 /* Pacifico-Regular.ttf in Resources */,
				650A69B225D57E49003A7604 /* README.md in Resources */,
				6555388525D44CB800A62FDC /* Assets.xcassets in Resources */,
			);
			runOnlyForDeploymentPostprocessing = 0;
		};
/* End PBXResourcesBuildPhase section */

/* Begin PBXShellScriptBuildPhase section */
		0EFE1E402A78BE1D2843B224 /* [CP] Embed Pods Frameworks */ = {
			isa = PBXShellScriptBuildPhase;
			buildActionMask = 2147483647;
			files = (
			);
			inputFileListPaths = (
				"${PODS_ROOT}/Target Support Files/Pods-PlantQuiz/Pods-PlantQuiz-frameworks-${CONFIGURATION}-input-files.xcfilelist",
			);
			name = "[CP] Embed Pods Frameworks";
			outputFileListPaths = (
				"${PODS_ROOT}/Target Support Files/Pods-PlantQuiz/Pods-PlantQuiz-frameworks-${CONFIGURATION}-output-files.xcfilelist",
			);
			runOnlyForDeploymentPostprocessing = 0;
			shellPath = /bin/sh;
			shellScript = "\"${PODS_ROOT}/Target Support Files/Pods-PlantQuiz/Pods-PlantQuiz-frameworks.sh\"\n";
			showEnvVarsInLog = 0;
		};
		8558C65A3B91955C910F3267 /* [CP] Check Pods Manifest.lock */ = {
			isa = PBXShellScriptBuildPhase;
			buildActionMask = 2147483647;
			files = (
			);
			inputFileListPaths = (
			);
			inputPaths = (
				"${PODS_PODFILE_DIR_PATH}/Podfile.lock",
				"${PODS_ROOT}/Manifest.lock",
			);
			name = "[CP] Check Pods Manifest.lock";
			outputFileListPaths = (
			);
			outputPaths = (
				"$(DERIVED_FILE_DIR)/Pods-PlantQuiz-checkManifestLockResult.txt",
			);
			runOnlyForDeploymentPostprocessing = 0;
			shellPath = /bin/sh;
			shellScript = "diff \"${PODS_PODFILE_DIR_PATH}/Podfile.lock\" \"${PODS_ROOT}/Manifest.lock\" > /dev/null\nif [ $? != 0 ] ; then\n    # print error to STDERR\n    echo \"error: The sandbox is not in sync with the Podfile.lock. Run 'pod install' or update your CocoaPods installation.\" >&2\n    exit 1\nfi\n# This output is used by Xcode 'outputs' to avoid re-running this script phase.\necho \"SUCCESS\" > \"${SCRIPT_OUTPUT_FILE_0}\"\n";
			showEnvVarsInLog = 0;
		};
/* End PBXShellScriptBuildPhase section */

/* Begin PBXSourcesBuildPhase section */
		6555387425D44CB700A62FDC /* Sources */ = {
			isa = PBXSourcesBuildPhase;
			buildActionMask = 2147483647;
			files = (
				659C7D9C25EFE18B00A41214 /* PopAnimator.swift in Sources */,
				65EFD9C325DF9558004A809E /* LoginVC.swift in Sources */,
				65EFD9E425DFD8E0004A809E /* Constants.swift in Sources */,
				65EFD9C625DF957A004A809E /* RegisterVC.swift in Sources */,
				659C4A8B25D46EA8006ED2CC /* QuizBrain.swift in Sources */,
				65EFD9C025DF91E0004A809E /* WelcomeVC.swift in Sources */,
				6555388025D44CB700A62FDC /* QuizVC.swift in Sources */,
				650A69C425D66509003A7604 /* Questions.swift in Sources */,
				650A69BA25D5A727003A7604 /* ResultVC.swift in Sources */,
				659C4A8325D45B2F006ED2CC /* Question.swift in Sources */,
				6555387C25D44CB700A62FDC /* AppDelegate.swift in Sources */,
				659C7D9925EE467800A41214 /* DataModel.xcdatamodeld in Sources */,
				65EFD9FD25DFFE54004A809E /* RecordCell.swift in Sources */,
				6555387E25D44CB700A62FDC /* SceneDelegate.swift in Sources */,
			);
			runOnlyForDeploymentPostprocessing = 0;
		};
/* End PBXSourcesBuildPhase section */

/* Begin PBXVariantGroup section */
		6555388625D44CB800A62FDC /* LaunchScreen.storyboard */ = {
			isa = PBXVariantGroup;
			children = (
				6555388725D44CB800A62FDC /* Base */,
			);
			name = LaunchScreen.storyboard;
			sourceTree = "<group>";
		};
/* End PBXVariantGroup section */

/* Begin XCBuildConfiguration section */
		6555388A25D44CB800A62FDC /* Debug */ = {
			isa = XCBuildConfiguration;
			buildSettings = {
				ALWAYS_SEARCH_USER_PATHS = NO;
				CLANG_ANALYZER_NONNULL = YES;
				CLANG_ANALYZER_NUMBER_OBJECT_CONVERSION = YES_AGGRESSIVE;
				CLANG_CXX_LANGUAGE_STANDARD = "gnu++14";
				CLANG_CXX_LIBRARY = "libc++";
				CLANG_ENABLE_MODULES = YES;
				CLANG_ENABLE_OBJC_ARC = YES;
				CLANG_ENABLE_OBJC_WEAK = YES;
				CLANG_WARN_BLOCK_CAPTURE_AUTORELEASING = YES;
				CLANG_WARN_BOOL_CONVERSION = YES;
				CLANG_WARN_COMMA = YES;
				CLANG_WARN_CONSTANT_CONVERSION = YES;
				CLANG_WARN_DEPRECATED_OBJC_IMPLEMENTATIONS = YES;
				CLANG_WARN_DIRECT_OBJC_ISA_USAGE = YES_ERROR;
				CLANG_WARN_DOCUMENTATION_COMMENTS = YES;
				CLANG_WARN_EMPTY_BODY = YES;
				CLANG_WARN_ENUM_CONVERSION = YES;
				CLANG_WARN_INFINITE_RECURSION = YES;
				CLANG_WARN_INT_CONVERSION = YES;
				CLANG_WARN_NON_LITERAL_NULL_CONVERSION = YES;
				CLANG_WARN_OBJC_IMPLICIT_RETAIN_SELF = YES;
				CLANG_WARN_OBJC_LITERAL_CONVERSION = YES;
				CLANG_WARN_OBJC_ROOT_CLASS = YES_ERROR;
				CLANG_WARN_QUOTED_INCLUDE_IN_FRAMEWORK_HEADER = YES;
				CLANG_WARN_RANGE_LOOP_ANALYSIS = YES;
				CLANG_WARN_STRICT_PROTOTYPES = YES;
				CLANG_WARN_SUSPICIOUS_MOVE = YES;
				CLANG_WARN_UNGUARDED_AVAILABILITY = YES_AGGRESSIVE;
				CLANG_WARN_UNREACHABLE_CODE = YES;
				CLANG_WARN__DUPLICATE_METHOD_MATCH = YES;
				COPY_PHASE_STRIP = NO;
				DEBUG_INFORMATION_FORMAT = dwarf;
				ENABLE_STRICT_OBJC_MSGSEND = YES;
				ENABLE_TESTABILITY = YES;
				GCC_C_LANGUAGE_STANDARD = gnu11;
				GCC_DYNAMIC_NO_PIC = NO;
				GCC_NO_COMMON_BLOCKS = YES;
				GCC_OPTIMIZATION_LEVEL = 0;
				GCC_PREPROCESSOR_DEFINITIONS = (
					"DEBUG=1",
					"$(inherited)",
				);
				GCC_WARN_64_TO_32_BIT_CONVERSION = YES;
				GCC_WARN_ABOUT_RETURN_TYPE = YES_ERROR;
				GCC_WARN_UNDECLARED_SELECTOR = YES;
				GCC_WARN_UNINITIALIZED_AUTOS = YES_AGGRESSIVE;
				GCC_WARN_UNUSED_FUNCTION = YES;
				GCC_WARN_UNUSED_VARIABLE = YES;
				IPHONEOS_DEPLOYMENT_TARGET = 14.2;
				MTL_ENABLE_DEBUG_INFO = INCLUDE_SOURCE;
				MTL_FAST_MATH = YES;
				ONLY_ACTIVE_ARCH = YES;
				SDKROOT = iphoneos;
				SWIFT_ACTIVE_COMPILATION_CONDITIONS = DEBUG;
				SWIFT_OPTIMIZATION_LEVEL = "-Onone";
			};
			name = Debug;
		};
		6555388B25D44CB800A62FDC /* Release */ = {
			isa = XCBuildConfiguration;
			buildSettings = {
				ALWAYS_SEARCH_USER_PATHS = NO;
				CLANG_ANALYZER_NONNULL = YES;
				CLANG_ANALYZER_NUMBER_OBJECT_CONVERSION = YES_AGGRESSIVE;
				CLANG_CXX_LANGUAGE_STANDARD = "gnu++14";
				CLANG_CXX_LIBRARY = "libc++";
				CLANG_ENABLE_MODULES = YES;
				CLANG_ENABLE_OBJC_ARC = YES;
				CLANG_ENABLE_OBJC_WEAK = YES;
				CLANG_WARN_BLOCK_CAPTURE_AUTORELEASING = YES;
				CLANG_WARN_BOOL_CONVERSION = YES;
				CLANG_WARN_COMMA = YES;
				CLANG_WARN_CONSTANT_CONVERSION = YES;
				CLANG_WARN_DEPRECATED_OBJC_IMPLEMENTATIONS = YES;
				CLANG_WARN_DIRECT_OBJC_ISA_USAGE = YES_ERROR;
				CLANG_WARN_DOCUMENTATION_COMMENTS = YES;
				CLANG_WARN_EMPTY_BODY = YES;
				CLANG_WARN_ENUM_CONVERSION = YES;
				CLANG_WARN_INFINITE_RECURSION = YES;
				CLANG_WARN_INT_CONVERSION = YES;
				CLANG_WARN_NON_LITERAL_NULL_CONVERSION = YES;
				CLANG_WARN_OBJC_IMPLICIT_RETAIN_SELF = YES;
				CLANG_WARN_OBJC_LITERAL_CONVERSION = YES;
				CLANG_WARN_OBJC_ROOT_CLASS = YES_ERROR;
				CLANG_WARN_QUOTED_INCLUDE_IN_FRAMEWORK_HEADER = YES;
				CLANG_WARN_RANGE_LOOP_ANALYSIS = YES;
				CLANG_WARN_STRICT_PROTOTYPES = YES;
				CLANG_WARN_SUSPICIOUS_MOVE = YES;
				CLANG_WARN_UNGUARDED_AVAILABILITY = YES_AGGRESSIVE;
				CLANG_WARN_UNREACHABLE_CODE = YES;
				CLANG_WARN__DUPLICATE_METHOD_MATCH = YES;
				COPY_PHASE_STRIP = NO;
				DEBUG_INFORMATION_FORMAT = "dwarf-with-dsym";
				ENABLE_NS_ASSERTIONS = NO;
				ENABLE_STRICT_OBJC_MSGSEND = YES;
				GCC_C_LANGUAGE_STANDARD = gnu11;
				GCC_NO_COMMON_BLOCKS = YES;
				GCC_WARN_64_TO_32_BIT_CONVERSION = YES;
				GCC_WARN_ABOUT_RETURN_TYPE = YES_ERROR;
				GCC_WARN_UNDECLARED_SELECTOR = YES;
				GCC_WARN_UNINITIALIZED_AUTOS = YES_AGGRESSIVE;
				GCC_WARN_UNUSED_FUNCTION = YES;
				GCC_WARN_UNUSED_VARIABLE = YES;
				IPHONEOS_DEPLOYMENT_TARGET = 14.2;
				MTL_ENABLE_DEBUG_INFO = NO;
				MTL_FAST_MATH = YES;
				SDKROOT = iphoneos;
				SWIFT_COMPILATION_MODE = wholemodule;
				SWIFT_OPTIMIZATION_LEVEL = "-O";
				VALIDATE_PRODUCT = YES;
			};
			name = Release;
		};
		6555388D25D44CB800A62FDC /* Debug */ = {
			isa = XCBuildConfiguration;
			baseConfigurationReference = C6C14CF503169D66E4602D14 /* Pods-PlantQuiz.debug.xcconfig */;
			buildSettings = {
				ASSETCATALOG_COMPILER_APPICON_NAME = AppIcon;
				ASSETCATALOG_COMPILER_GLOBAL_ACCENT_COLOR_NAME = AccentColor;
				CODE_SIGN_STYLE = Automatic;
				DEVELOPMENT_TEAM = KFX2JC7XN5;
				INFOPLIST_FILE = PlantQuiz/Info.plist;
				LD_RUNPATH_SEARCH_PATHS = (
					"$(inherited)",
					"@executable_path/Frameworks",
				);
				PRODUCT_BUNDLE_IDENTIFIER = com.dkunin9.PlantQuiz;
				PRODUCT_NAME = "$(TARGET_NAME)";
				SWIFT_VERSION = 5.0;
				TARGETED_DEVICE_FAMILY = "1,2";
			};
			name = Debug;
		};
		6555388E25D44CB800A62FDC /* Release */ = {
			isa = XCBuildConfiguration;
			baseConfigurationReference = 916808F4C5EEF0E57EA33CDC /* Pods-PlantQuiz.release.xcconfig */;
			buildSettings = {
				ASSETCATALOG_COMPILER_APPICON_NAME = AppIcon;
				ASSETCATALOG_COMPILER_GLOBAL_ACCENT_COLOR_NAME = AccentColor;
				CODE_SIGN_STYLE = Automatic;
				DEVELOPMENT_TEAM = KFX2JC7XN5;
				INFOPLIST_FILE = PlantQuiz/Info.plist;
				LD_RUNPATH_SEARCH_PATHS = (
					"$(inherited)",
					"@executable_path/Frameworks",
				);
				PRODUCT_BUNDLE_IDENTIFIER = com.dkunin9.PlantQuiz;
				PRODUCT_NAME = "$(TARGET_NAME)";
				SWIFT_VERSION = 5.0;
				TARGETED_DEVICE_FAMILY = "1,2";
			};
			name = Release;
		};
/* End XCBuildConfiguration section */

/* Begin XCConfigurationList section */
		6555387325D44CB700A62FDC /* Build configuration list for PBXProject "PlantQuiz" */ = {
			isa = XCConfigurationList;
			buildConfigurations = (
				6555388A25D44CB800A62FDC /* Debug */,
				6555388B25D44CB800A62FDC /* Release */,
			);
			defaultConfigurationIsVisible = 0;
			defaultConfigurationName = Release;
		};
		6555388C25D44CB800A62FDC /* Build configuration list for PBXNativeTarget "PlantQuiz" */ = {
			isa = XCConfigurationList;
			buildConfigurations = (
				6555388D25D44CB800A62FDC /* Debug */,
				6555388E25D44CB800A62FDC /* Release */,
			);
			defaultConfigurationIsVisible = 0;
			defaultConfigurationName = Release;
		};
/* End XCConfigurationList section */

/* Begin XCRemoteSwiftPackageReference section */
		65466A8B25E10D7300E1F388 /* XCRemoteSwiftPackageReference "IQKeyboardManager" */ = {
			isa = XCRemoteSwiftPackageReference;
			repositoryURL = "https://github.com/hackiftekhar/IQKeyboardManager";
			requirement = {
				kind = upToNextMajorVersion;
				minimumVersion = 6.5.6;
			};
		};
/* End XCRemoteSwiftPackageReference section */

/* Begin XCSwiftPackageProductDependency section */
		65466A8C25E10D7300E1F388 /* IQKeyboardManagerSwift */ = {
			isa = XCSwiftPackageProductDependency;
			package = 65466A8B25E10D7300E1F388 /* XCRemoteSwiftPackageReference "IQKeyboardManager" */;
			productName = IQKeyboardManagerSwift;
		};
/* End XCSwiftPackageProductDependency section */

/* Begin XCVersionGroup section */
		659C7D9725EE467800A41214 /* DataModel.xcdatamodeld */ = {
			isa = XCVersionGroup;
			children = (
				659C7D9825EE467800A41214 /* DataModel.xcdatamodel */,
			);
			currentVersion = 659C7D9825EE467800A41214 /* DataModel.xcdatamodel */;
			path = DataModel.xcdatamodeld;
			sourceTree = "<group>";
			versionGroupType = wrapper.xcdatamodel;
		};
/* End XCVersionGroup section */
	};
	rootObject = 6555387025D44CB700A62FDC /* Project object */;
}
